// !$*UTF8*$!
{
	archiveVersion = 1;
	classes = {
	};
	objectVersion = 56;
	objects = {

/* Begin PBXBuildFile section */
		9450A1682C3ED038008949B3 /* Color+Extension.swift in Sources */ = {isa = PBXBuildFile; fileRef = 9450A1672C3ED038008949B3 /* Color+Extension.swift */; };
		9450A16B2C3ED04D008949B3 /* CustomButton.swift in Sources */ = {isa = PBXBuildFile; fileRef = 9450A16A2C3ED04D008949B3 /* CustomButton.swift */; };
		9492EE862C3FA5BF00FA0947 /* CardModel.swift in Sources */ = {isa = PBXBuildFile; fileRef = 9492EE852C3FA5BF00FA0947 /* CardModel.swift */; };
		9492EE882C3FA5D400FA0947 /* AppCoordinator.swift in Sources */ = {isa = PBXBuildFile; fileRef = 9492EE872C3FA5D400FA0947 /* AppCoordinator.swift */; };
		9492EE8A2C3FA5E900FA0947 /* Constant.swift in Sources */ = {isa = PBXBuildFile; fileRef = 9492EE892C3FA5E900FA0947 /* Constant.swift */; };
		9492EE8C2C3FA63100FA0947 /* Validator.swift in Sources */ = {isa = PBXBuildFile; fileRef = 9492EE8B2C3FA63100FA0947 /* Validator.swift */; };
		94A1C3BB2C3EB1A40018D02F /* DigitalWalletApp.swift in Sources */ = {isa = PBXBuildFile; fileRef = 94A1C3BA2C3EB1A40018D02F /* DigitalWalletApp.swift */; };
		94A1C3BF2C3EB1A60018D02F /* Assets.xcassets in Resources */ = {isa = PBXBuildFile; fileRef = 94A1C3BE2C3EB1A60018D02F /* Assets.xcassets */; };
		94A1C3CC2C3EB1A60018D02F /* DigitalWalletTests.swift in Sources */ = {isa = PBXBuildFile; fileRef = 94A1C3CB2C3EB1A60018D02F /* DigitalWalletTests.swift */; };
		94A1C3D62C3EB1A60018D02F /* DigitalWalletUITests.swift in Sources */ = {isa = PBXBuildFile; fileRef = 94A1C3D52C3EB1A60018D02F /* DigitalWalletUITests.swift */; };
		94A1C3D82C3EB1A60018D02F /* DigitalWalletUITestsLaunchTests.swift in Sources */ = {isa = PBXBuildFile; fileRef = 94A1C3D72C3EB1A60018D02F /* DigitalWalletUITestsLaunchTests.swift */; };
		94A1C3EF2C3EBD180018D02F /* SplashView.swift in Sources */ = {isa = PBXBuildFile; fileRef = 94A1C3EE2C3EBD180018D02F /* SplashView.swift */; };
		94A1C3F12C3EBFE00018D02F /* RegisterView.swift in Sources */ = {isa = PBXBuildFile; fileRef = 94A1C3F02C3EBFE00018D02F /* RegisterView.swift */; };
		94A1C3F32C3EBFEC0018D02F /* LoginView.swift in Sources */ = {isa = PBXBuildFile; fileRef = 94A1C3F22C3EBFEC0018D02F /* LoginView.swift */; };
		94A1C3F62C3EC0160018D02F /* LoginViewModel.swift in Sources */ = {isa = PBXBuildFile; fileRef = 94A1C3F52C3EC0160018D02F /* LoginViewModel.swift */; };
		94A1C3F82C3EC0220018D02F /* RegisterViewModel.swift in Sources */ = {isa = PBXBuildFile; fileRef = 94A1C3F72C3EC0220018D02F /* RegisterViewModel.swift */; };
		94A1C3FD2C3EC0AF0018D02F /* AuhtenticationService.swift in Sources */ = {isa = PBXBuildFile; fileRef = 94A1C3FC2C3EC0AF0018D02F /* AuhtenticationService.swift */; };
		94A1C3FF2C3EC11D0018D02F /* AuhtenticationServiceProtocol.swift in Sources */ = {isa = PBXBuildFile; fileRef = 94A1C3FE2C3EC11D0018D02F /* AuhtenticationServiceProtocol.swift */; };
/* End PBXBuildFile section */

/* Begin PBXContainerItemProxy section */
		94A1C3C82C3EB1A60018D02F /* PBXContainerItemProxy */ = {
			isa = PBXContainerItemProxy;
			containerPortal = 94A1C3AF2C3EB1A40018D02F /* Project object */;
			proxyType = 1;
			remoteGlobalIDString = 94A1C3B62C3EB1A40018D02F;
			remoteInfo = DigitalWallet;
		};
		94A1C3D22C3EB1A60018D02F /* PBXContainerItemProxy */ = {
			isa = PBXContainerItemProxy;
			containerPortal = 94A1C3AF2C3EB1A40018D02F /* Project object */;
			proxyType = 1;
			remoteGlobalIDString = 94A1C3B62C3EB1A40018D02F;
			remoteInfo = DigitalWallet;
		};
/* End PBXContainerItemProxy section */

/* Begin PBXFileReference section */
		9450A1672C3ED038008949B3 /* Color+Extension.swift */ = {isa = PBXFileReference; lastKnownFileType = sourcecode.swift; path = "Color+Extension.swift"; sourceTree = "<group>"; };
		9450A16A2C3ED04D008949B3 /* CustomButton.swift */ = {isa = PBXFileReference; lastKnownFileType = sourcecode.swift; path = CustomButton.swift; sourceTree = "<group>"; };
		9492EE852C3FA5BF00FA0947 /* CardModel.swift */ = {isa = PBXFileReference; lastKnownFileType = sourcecode.swift; path = CardModel.swift; sourceTree = "<group>"; };
		9492EE872C3FA5D400FA0947 /* AppCoordinator.swift */ = {isa = PBXFileReference; lastKnownFileType = sourcecode.swift; path = AppCoordinator.swift; sourceTree = "<group>"; };
		9492EE892C3FA5E900FA0947 /* Constant.swift */ = {isa = PBXFileReference; lastKnownFileType = sourcecode.swift; path = Constant.swift; sourceTree = "<group>"; };
		9492EE8B2C3FA63100FA0947 /* Validator.swift */ = {isa = PBXFileReference; lastKnownFileType = sourcecode.swift; path = Validator.swift; sourceTree = "<group>"; };
		94A1C3B72C3EB1A40018D02F /* DigitalWallet.app */ = {isa = PBXFileReference; explicitFileType = wrapper.application; includeInIndex = 0; path = DigitalWallet.app; sourceTree = BUILT_PRODUCTS_DIR; };
		94A1C3BA2C3EB1A40018D02F /* DigitalWalletApp.swift */ = {isa = PBXFileReference; lastKnownFileType = sourcecode.swift; path = DigitalWalletApp.swift; sourceTree = "<group>"; };
		94A1C3BE2C3EB1A60018D02F /* Assets.xcassets */ = {isa = PBXFileReference; lastKnownFileType = folder.assetcatalog; path = Assets.xcassets; sourceTree = "<group>"; };
		94A1C3C72C3EB1A60018D02F /* DigitalWalletTests.xctest */ = {isa = PBXFileReference; explicitFileType = wrapper.cfbundle; includeInIndex = 0; path = DigitalWalletTests.xctest; sourceTree = BUILT_PRODUCTS_DIR; };
		94A1C3CB2C3EB1A60018D02F /* DigitalWalletTests.swift */ = {isa = PBXFileReference; lastKnownFileType = sourcecode.swift; path = DigitalWalletTests.swift; sourceTree = "<group>"; };
		94A1C3D12C3EB1A60018D02F /* DigitalWalletUITests.xctest */ = {isa = PBXFileReference; explicitFileType = wrapper.cfbundle; includeInIndex = 0; path = DigitalWalletUITests.xctest; sourceTree = BUILT_PRODUCTS_DIR; };
		94A1C3D52C3EB1A60018D02F /* DigitalWalletUITests.swift */ = {isa = PBXFileReference; lastKnownFileType = sourcecode.swift; path = DigitalWalletUITests.swift; sourceTree = "<group>"; };
		94A1C3D72C3EB1A60018D02F /* DigitalWalletUITestsLaunchTests.swift */ = {isa = PBXFileReference; lastKnownFileType = sourcecode.swift; path = DigitalWalletUITestsLaunchTests.swift; sourceTree = "<group>"; };
		94A1C3EE2C3EBD180018D02F /* SplashView.swift */ = {isa = PBXFileReference; lastKnownFileType = sourcecode.swift; path = SplashView.swift; sourceTree = "<group>"; };
		94A1C3F02C3EBFE00018D02F /* RegisterView.swift */ = {isa = PBXFileReference; lastKnownFileType = sourcecode.swift; path = RegisterView.swift; sourceTree = "<group>"; };
		94A1C3F22C3EBFEC0018D02F /* LoginView.swift */ = {isa = PBXFileReference; lastKnownFileType = sourcecode.swift; path = LoginView.swift; sourceTree = "<group>"; };
		94A1C3F52C3EC0160018D02F /* LoginViewModel.swift */ = {isa = PBXFileReference; lastKnownFileType = sourcecode.swift; path = LoginViewModel.swift; sourceTree = "<group>"; };
		94A1C3F72C3EC0220018D02F /* RegisterViewModel.swift */ = {isa = PBXFileReference; lastKnownFileType = sourcecode.swift; path = RegisterViewModel.swift; sourceTree = "<group>"; };
		94A1C3FC2C3EC0AF0018D02F /* AuhtenticationService.swift */ = {isa = PBXFileReference; lastKnownFileType = sourcecode.swift; path = AuhtenticationService.swift; sourceTree = "<group>"; };
		94A1C3FE2C3EC11D0018D02F /* AuhtenticationServiceProtocol.swift */ = {isa = PBXFileReference; lastKnownFileType = sourcecode.swift; path = AuhtenticationServiceProtocol.swift; sourceTree = "<group>"; };
/* End PBXFileReference section */

/* Begin PBXFrameworksBuildPhase section */
		94A1C3B42C3EB1A40018D02F /* Frameworks */ = {
			isa = PBXFrameworksBuildPhase;
			buildActionMask = 2147483647;
			files = (
			);
			runOnlyForDeploymentPostprocessing = 0;
		};
		94A1C3C42C3EB1A60018D02F /* Frameworks */ = {
			isa = PBXFrameworksBuildPhase;
			buildActionMask = 2147483647;
			files = (
			);
			runOnlyForDeploymentPostprocessing = 0;
		};
		94A1C3CE2C3EB1A60018D02F /* Frameworks */ = {
			isa = PBXFrameworksBuildPhase;
			buildActionMask = 2147483647;
			files = (
			);
			runOnlyForDeploymentPostprocessing = 0;
		};
/* End PBXFrameworksBuildPhase section */

/* Begin PBXGroup section */
		94A1C3AE2C3EB1A40018D02F = {
			isa = PBXGroup;
			children = (
				94A1C3B92C3EB1A40018D02F /* DigitalWallet */,
				94A1C3CA2C3EB1A60018D02F /* DigitalWalletTests */,
				94A1C3D42C3EB1A60018D02F /* DigitalWalletUITests */,
				94A1C3B82C3EB1A40018D02F /* Products */,
			);
			sourceTree = "<group>";
		};
		94A1C3B82C3EB1A40018D02F /* Products */ = {
			isa = PBXGroup;
			children = (
				94A1C3B72C3EB1A40018D02F /* DigitalWallet.app */,
				94A1C3C72C3EB1A60018D02F /* DigitalWalletTests.xctest */,
				94A1C3D12C3EB1A60018D02F /* DigitalWalletUITests.xctest */,
			);
			name = Products;
			sourceTree = "<group>";
		};
		94A1C3B92C3EB1A40018D02F /* DigitalWallet */ = {
			isa = PBXGroup;
			children = (
				94A1C40A2C3EC4AF0018D02F /* Components */,
				94A1C4072C3EC4780018D02F /* Extensions */,
				94A1C4022C3EC19F0018D02F /* Utilities */,
				94A1C3F92C3EC0310018D02F /* Services */,
				94A1C3FB2C3EC0840018D02F /* Protocols */,
				94A1C3E82C3EBC6D0018D02F /* Coordinators */,
				94A1C4052C3EC2970018D02F /* Models */,
				94A1C3E42C3EBB130018D02F /* ViewModels */,
				94A1C3E52C3EBB1B0018D02F /* Views */,
				94A1C3E62C3EBC110018D02F /* Resources */,
			);
			path = DigitalWallet;
			sourceTree = "<group>";
		};
		94A1C3CA2C3EB1A60018D02F /* DigitalWalletTests */ = {
			isa = PBXGroup;
			children = (
				94A1C3CB2C3EB1A60018D02F /* DigitalWalletTests.swift */,
			);
			path = DigitalWalletTests;
			sourceTree = "<group>";
		};
		94A1C3D42C3EB1A60018D02F /* DigitalWalletUITests */ = {
			isa = PBXGroup;
			children = (
				94A1C3D52C3EB1A60018D02F /* DigitalWalletUITests.swift */,
				94A1C3D72C3EB1A60018D02F /* DigitalWalletUITestsLaunchTests.swift */,
			);
			path = DigitalWalletUITests;
			sourceTree = "<group>";
		};
		94A1C3E42C3EBB130018D02F /* ViewModels */ = {
			isa = PBXGroup;
			children = (
				94A1C3F42C3EBFFA0018D02F /* Authentication */,
			);
			path = ViewModels;
			sourceTree = "<group>";
		};
		94A1C3E52C3EBB1B0018D02F /* Views */ = {
			isa = PBXGroup;
			children = (
				94A1C3E72C3EBC670018D02F /* Authentication */,
			);
			path = Views;
			sourceTree = "<group>";
		};
		94A1C3E62C3EBC110018D02F /* Resources */ = {
			isa = PBXGroup;
			children = (
				94A1C3BA2C3EB1A40018D02F /* DigitalWalletApp.swift */,
				94A1C3BE2C3EB1A60018D02F /* Assets.xcassets */,
			);
			path = Resources;
			sourceTree = "<group>";
		};
		94A1C3E72C3EBC670018D02F /* Authentication */ = {
			isa = PBXGroup;
			children = (
				94A1C3EB2C3EBCD80018D02F /* Splash */,
				94A1C3EA2C3EBCC30018D02F /* Register */,
				94A1C3E92C3EBCBD0018D02F /* Login */,
			);
			path = Authentication;
			sourceTree = "<group>";
		};
		94A1C3E82C3EBC6D0018D02F /* Coordinators */ = {
			isa = PBXGroup;
			children = (
				9492EE872C3FA5D400FA0947 /* AppCoordinator.swift */,
			);
			path = Coordinators;
			sourceTree = "<group>";
		};
		94A1C3E92C3EBCBD0018D02F /* Login */ = {
			isa = PBXGroup;
			children = (
				94A1C3F22C3EBFEC0018D02F /* LoginView.swift */,
			);
			path = Login;
			sourceTree = "<group>";
		};
		94A1C3EA2C3EBCC30018D02F /* Register */ = {
			isa = PBXGroup;
			children = (
				94A1C3F02C3EBFE00018D02F /* RegisterView.swift */,
			);
			path = Register;
			sourceTree = "<group>";
		};
		94A1C3EB2C3EBCD80018D02F /* Splash */ = {
			isa = PBXGroup;
			children = (
				94A1C3EE2C3EBD180018D02F /* SplashView.swift */,
			);
			path = Splash;
			sourceTree = "<group>";
		};
		94A1C3F42C3EBFFA0018D02F /* Authentication */ = {
			isa = PBXGroup;
			children = (
				94A1C3F52C3EC0160018D02F /* LoginViewModel.swift */,
				94A1C3F72C3EC0220018D02F /* RegisterViewModel.swift */,
			);
			path = Authentication;
			sourceTree = "<group>";
		};
		94A1C3F92C3EC0310018D02F /* Services */ = {
			isa = PBXGroup;
			children = (
				94A1C3FA2C3EC0380018D02F /* AuthenticationService */,
			);
			path = Services;
			sourceTree = "<group>";
		};
		94A1C3FA2C3EC0380018D02F /* AuthenticationService */ = {
			isa = PBXGroup;
			children = (
				94A1C3FC2C3EC0AF0018D02F /* AuhtenticationService.swift */,
			);
			path = AuthenticationService;
			sourceTree = "<group>";
		};
		94A1C3FB2C3EC0840018D02F /* Protocols */ = {
			isa = PBXGroup;
			children = (
				94A1C3FE2C3EC11D0018D02F /* AuhtenticationServiceProtocol.swift */,
			);
			path = Protocols;
			sourceTree = "<group>";
		};
		94A1C4022C3EC19F0018D02F /* Utilities */ = {
			isa = PBXGroup;
			children = (
				94A1C4042C3EC1BC0018D02F /* Helpers */,
				94A1C4032C3EC1AE0018D02F /* Constants */,
			);
			path = Utilities;
			sourceTree = "<group>";
		};
		94A1C4032C3EC1AE0018D02F /* Constants */ = {
			isa = PBXGroup;
			children = (
				9492EE892C3FA5E900FA0947 /* Constant.swift */,
			);
			path = Constants;
			sourceTree = "<group>";
		};
		94A1C4042C3EC1BC0018D02F /* Helpers */ = {
			isa = PBXGroup;
			children = (
				9492EE8B2C3FA63100FA0947 /* Validator.swift */,
			);
			path = Helpers;
			sourceTree = "<group>";
		};
		94A1C4052C3EC2970018D02F /* Models */ = {
			isa = PBXGroup;
			children = (
				9492EE852C3FA5BF00FA0947 /* CardModel.swift */,
			);
			path = Models;
			sourceTree = "<group>";
		};
		94A1C4072C3EC4780018D02F /* Extensions */ = {
			isa = PBXGroup;
			children = (
				9450A1672C3ED038008949B3 /* Color+Extension.swift */,
			);
			path = Extensions;
			sourceTree = "<group>";
		};
		94A1C40A2C3EC4AF0018D02F /* Components */ = {
			isa = PBXGroup;
			children = (
				9450A16A2C3ED04D008949B3 /* CustomButton.swift */,
			);
			path = Components;
			sourceTree = "<group>";
		};
/* End PBXGroup section */

/* Begin PBXNativeTarget section */
		94A1C3B62C3EB1A40018D02F /* DigitalWallet */ = {
			isa = PBXNativeTarget;
			buildConfigurationList = 94A1C3DB2C3EB1A60018D02F /* Build configuration list for PBXNativeTarget "DigitalWallet" */;
			buildPhases = (
				94A1C3B32C3EB1A40018D02F /* Sources */,
				94A1C3B42C3EB1A40018D02F /* Frameworks */,
				94A1C3B52C3EB1A40018D02F /* Resources */,
			);
			buildRules = (
			);
			dependencies = (
			);
			name = DigitalWallet;
			productName = DigitalWallet;
			productReference = 94A1C3B72C3EB1A40018D02F /* DigitalWallet.app */;
			productType = "com.apple.product-type.application";
		};
		94A1C3C62C3EB1A60018D02F /* DigitalWalletTests */ = {
			isa = PBXNativeTarget;
			buildConfigurationList = 94A1C3DE2C3EB1A60018D02F /* Build configuration list for PBXNativeTarget "DigitalWalletTests" */;
			buildPhases = (
				94A1C3C32C3EB1A60018D02F /* Sources */,
				94A1C3C42C3EB1A60018D02F /* Frameworks */,
				94A1C3C52C3EB1A60018D02F /* Resources */,
			);
			buildRules = (
			);
			dependencies = (
				94A1C3C92C3EB1A60018D02F /* PBXTargetDependency */,
			);
			name = DigitalWalletTests;
			productName = DigitalWalletTests;
			productReference = 94A1C3C72C3EB1A60018D02F /* DigitalWalletTests.xctest */;
			productType = "com.apple.product-type.bundle.unit-test";
		};
		94A1C3D02C3EB1A60018D02F /* DigitalWalletUITests */ = {
			isa = PBXNativeTarget;
			buildConfigurationList = 94A1C3E12C3EB1A60018D02F /* Build configuration list for PBXNativeTarget "DigitalWalletUITests" */;
			buildPhases = (
				94A1C3CD2C3EB1A60018D02F /* Sources */,
				94A1C3CE2C3EB1A60018D02F /* Frameworks */,
				94A1C3CF2C3EB1A60018D02F /* Resources */,
			);
			buildRules = (
			);
			dependencies = (
				94A1C3D32C3EB1A60018D02F /* PBXTargetDependency */,
			);
			name = DigitalWalletUITests;
			productName = DigitalWalletUITests;
			productReference = 94A1C3D12C3EB1A60018D02F /* DigitalWalletUITests.xctest */;
			productType = "com.apple.product-type.bundle.ui-testing";
		};
/* End PBXNativeTarget section */

/* Begin PBXProject section */
		94A1C3AF2C3EB1A40018D02F /* Project object */ = {
			isa = PBXProject;
			attributes = {
				BuildIndependentTargetsInParallel = 1;
				LastSwiftUpdateCheck = 1540;
				LastUpgradeCheck = 1540;
				TargetAttributes = {
					94A1C3B62C3EB1A40018D02F = {
						CreatedOnToolsVersion = 15.4;
					};
					94A1C3C62C3EB1A60018D02F = {
						CreatedOnToolsVersion = 15.4;
						TestTargetID = 94A1C3B62C3EB1A40018D02F;
					};
					94A1C3D02C3EB1A60018D02F = {
						CreatedOnToolsVersion = 15.4;
						TestTargetID = 94A1C3B62C3EB1A40018D02F;
					};
				};
			};
			buildConfigurationList = 94A1C3B22C3EB1A40018D02F /* Build configuration list for PBXProject "DigitalWallet" */;
			compatibilityVersion = "Xcode 14.0";
			developmentRegion = en;
			hasScannedForEncodings = 0;
			knownRegions = (
				en,
				Base,
			);
			mainGroup = 94A1C3AE2C3EB1A40018D02F;
			productRefGroup = 94A1C3B82C3EB1A40018D02F /* Products */;
			projectDirPath = "";
			projectRoot = "";
			targets = (
				94A1C3B62C3EB1A40018D02F /* DigitalWallet */,
				94A1C3C62C3EB1A60018D02F /* DigitalWalletTests */,
				94A1C3D02C3EB1A60018D02F /* DigitalWalletUITests */,
			);
		};
/* End PBXProject section */

/* Begin PBXResourcesBuildPhase section */
		94A1C3B52C3EB1A40018D02F /* Resources */ = {
			isa = PBXResourcesBuildPhase;
			buildActionMask = 2147483647;
			files = (
				94A1C3BF2C3EB1A60018D02F /* Assets.xcassets in Resources */,
			);
			runOnlyForDeploymentPostprocessing = 0;
		};
		94A1C3C52C3EB1A60018D02F /* Resources */ = {
			isa = PBXResourcesBuildPhase;
			buildActionMask = 2147483647;
			files = (
			);
			runOnlyForDeploymentPostprocessing = 0;
		};
		94A1C3CF2C3EB1A60018D02F /* Resources */ = {
			isa = PBXResourcesBuildPhase;
			buildActionMask = 2147483647;
			files = (
			);
			runOnlyForDeploymentPostprocessing = 0;
		};
/* End PBXResourcesBuildPhase section */

/* Begin PBXSourcesBuildPhase section */
		94A1C3B32C3EB1A40018D02F /* Sources */ = {
			isa = PBXSourcesBuildPhase;
			buildActionMask = 2147483647;
			files = (
				9492EE882C3FA5D400FA0947 /* AppCoordinator.swift in Sources */,
				94A1C3F12C3EBFE00018D02F /* RegisterView.swift in Sources */,
				9492EE862C3FA5BF00FA0947 /* CardModel.swift in Sources */,
				9450A1682C3ED038008949B3 /* Color+Extension.swift in Sources */,
				9492EE8C2C3FA63100FA0947 /* Validator.swift in Sources */,
				94A1C3FF2C3EC11D0018D02F /* AuhtenticationServiceProtocol.swift in Sources */,
				94A1C3F82C3EC0220018D02F /* RegisterViewModel.swift in Sources */,
				9450A16B2C3ED04D008949B3 /* CustomButton.swift in Sources */,
				94A1C3BB2C3EB1A40018D02F /* DigitalWalletApp.swift in Sources */,
				94A1C3F32C3EBFEC0018D02F /* LoginView.swift in Sources */,
				9492EE8A2C3FA5E900FA0947 /* Constant.swift in Sources */,
				94A1C3F62C3EC0160018D02F /* LoginViewModel.swift in Sources */,
				94A1C3EF2C3EBD180018D02F /* SplashView.swift in Sources */,
				94A1C3FD2C3EC0AF0018D02F /* AuhtenticationService.swift in Sources */,
			);
			runOnlyForDeploymentPostprocessing = 0;
		};
		94A1C3C32C3EB1A60018D02F /* Sources */ = {
			isa = PBXSourcesBuildPhase;
			buildActionMask = 2147483647;
			files = (
				94A1C3CC2C3EB1A60018D02F /* DigitalWalletTests.swift in Sources */,
			);
			runOnlyForDeploymentPostprocessing = 0;
		};
		94A1C3CD2C3EB1A60018D02F /* Sources */ = {
			isa = PBXSourcesBuildPhase;
			buildActionMask = 2147483647;
			files = (
				94A1C3D82C3EB1A60018D02F /* DigitalWalletUITestsLaunchTests.swift in Sources */,
				94A1C3D62C3EB1A60018D02F /* DigitalWalletUITests.swift in Sources */,
			);
			runOnlyForDeploymentPostprocessing = 0;
		};
/* End PBXSourcesBuildPhase section */

/* Begin PBXTargetDependency section */
		94A1C3C92C3EB1A60018D02F /* PBXTargetDependency */ = {
			isa = PBXTargetDependency;
			target = 94A1C3B62C3EB1A40018D02F /* DigitalWallet */;
			targetProxy = 94A1C3C82C3EB1A60018D02F /* PBXContainerItemProxy */;
		};
		94A1C3D32C3EB1A60018D02F /* PBXTargetDependency */ = {
			isa = PBXTargetDependency;
			target = 94A1C3B62C3EB1A40018D02F /* DigitalWallet */;
			targetProxy = 94A1C3D22C3EB1A60018D02F /* PBXContainerItemProxy */;
		};
/* End PBXTargetDependency section */

/* Begin XCBuildConfiguration section */
		94A1C3D92C3EB1A60018D02F /* Debug */ = {
			isa = XCBuildConfiguration;
			buildSettings = {
				ALWAYS_SEARCH_USER_PATHS = NO;
				ASSETCATALOG_COMPILER_GENERATE_SWIFT_ASSET_SYMBOL_EXTENSIONS = YES;
				CLANG_ANALYZER_NONNULL = YES;
				CLANG_ANALYZER_NUMBER_OBJECT_CONVERSION = YES_AGGRESSIVE;
				CLANG_CXX_LANGUAGE_STANDARD = "gnu++20";
				CLANG_ENABLE_MODULES = YES;
				CLANG_ENABLE_OBJC_ARC = YES;
				CLANG_ENABLE_OBJC_WEAK = YES;
				CLANG_WARN_BLOCK_CAPTURE_AUTORELEASING = YES;
				CLANG_WARN_BOOL_CONVERSION = YES;
				CLANG_WARN_COMMA = YES;
				CLANG_WARN_CONSTANT_CONVERSION = YES;
				CLANG_WARN_DEPRECATED_OBJC_IMPLEMENTATIONS = YES;
				CLANG_WARN_DIRECT_OBJC_ISA_USAGE = YES_ERROR;
				CLANG_WARN_DOCUMENTATION_COMMENTS = YES;
				CLANG_WARN_EMPTY_BODY = YES;
				CLANG_WARN_ENUM_CONVERSION = YES;
				CLANG_WARN_INFINITE_RECURSION = YES;
				CLANG_WARN_INT_CONVERSION = YES;
				CLANG_WARN_NON_LITERAL_NULL_CONVERSION = YES;
				CLANG_WARN_OBJC_IMPLICIT_RETAIN_SELF = YES;
				CLANG_WARN_OBJC_LITERAL_CONVERSION = YES;
				CLANG_WARN_OBJC_ROOT_CLASS = YES_ERROR;
				CLANG_WARN_QUOTED_INCLUDE_IN_FRAMEWORK_HEADER = YES;
				CLANG_WARN_RANGE_LOOP_ANALYSIS = YES;
				CLANG_WARN_STRICT_PROTOTYPES = YES;
				CLANG_WARN_SUSPICIOUS_MOVE = YES;
				CLANG_WARN_UNGUARDED_AVAILABILITY = YES_AGGRESSIVE;
				CLANG_WARN_UNREACHABLE_CODE = YES;
				CLANG_WARN__DUPLICATE_METHOD_MATCH = YES;
				COPY_PHASE_STRIP = NO;
				DEBUG_INFORMATION_FORMAT = dwarf;
				ENABLE_STRICT_OBJC_MSGSEND = YES;
				ENABLE_TESTABILITY = YES;
				ENABLE_USER_SCRIPT_SANDBOXING = YES;
				GCC_C_LANGUAGE_STANDARD = gnu17;
				GCC_DYNAMIC_NO_PIC = NO;
				GCC_NO_COMMON_BLOCKS = YES;
				GCC_OPTIMIZATION_LEVEL = 0;
				GCC_PREPROCESSOR_DEFINITIONS = (
					"DEBUG=1",
					"$(inherited)",
				);
				GCC_WARN_64_TO_32_BIT_CONVERSION = YES;
				GCC_WARN_ABOUT_RETURN_TYPE = YES_ERROR;
				GCC_WARN_UNDECLARED_SELECTOR = YES;
				GCC_WARN_UNINITIALIZED_AUTOS = YES_AGGRESSIVE;
				GCC_WARN_UNUSED_FUNCTION = YES;
				GCC_WARN_UNUSED_VARIABLE = YES;
				IPHONEOS_DEPLOYMENT_TARGET = 15.0;
				LOCALIZATION_PREFERS_STRING_CATALOGS = YES;
				MTL_ENABLE_DEBUG_INFO = INCLUDE_SOURCE;
				MTL_FAST_MATH = YES;
				ONLY_ACTIVE_ARCH = YES;
				SDKROOT = iphoneos;
				SWIFT_ACTIVE_COMPILATION_CONDITIONS = "DEBUG $(inherited)";
				SWIFT_OPTIMIZATION_LEVEL = "-Onone";
			};
			name = Debug;
		};
		94A1C3DA2C3EB1A60018D02F /* Release */ = {
			isa = XCBuildConfiguration;
			buildSettings = {
				ALWAYS_SEARCH_USER_PATHS = NO;
				ASSETCATALOG_COMPILER_GENERATE_SWIFT_ASSET_SYMBOL_EXTENSIONS = YES;
				CLANG_ANALYZER_NONNULL = YES;
				CLANG_ANALYZER_NUMBER_OBJECT_CONVERSION = YES_AGGRESSIVE;
				CLANG_CXX_LANGUAGE_STANDARD = "gnu++20";
				CLANG_ENABLE_MODULES = YES;
				CLANG_ENABLE_OBJC_ARC = YES;
				CLANG_ENABLE_OBJC_WEAK = YES;
				CLANG_WARN_BLOCK_CAPTURE_AUTORELEASING = YES;
				CLANG_WARN_BOOL_CONVERSION = YES;
				CLANG_WARN_COMMA = YES;
				CLANG_WARN_CONSTANT_CONVERSION = YES;
				CLANG_WARN_DEPRECATED_OBJC_IMPLEMENTATIONS = YES;
				CLANG_WARN_DIRECT_OBJC_ISA_USAGE = YES_ERROR;
				CLANG_WARN_DOCUMENTATION_COMMENTS = YES;
				CLANG_WARN_EMPTY_BODY = YES;
				CLANG_WARN_ENUM_CONVERSION = YES;
				CLANG_WARN_INFINITE_RECURSION = YES;
				CLANG_WARN_INT_CONVERSION = YES;
				CLANG_WARN_NON_LITERAL_NULL_CONVERSION = YES;
				CLANG_WARN_OBJC_IMPLICIT_RETAIN_SELF = YES;
				CLANG_WARN_OBJC_LITERAL_CONVERSION = YES;
				CLANG_WARN_OBJC_ROOT_CLASS = YES_ERROR;
				CLANG_WARN_QUOTED_INCLUDE_IN_FRAMEWORK_HEADER = YES;
				CLANG_WARN_RANGE_LOOP_ANALYSIS = YES;
				CLANG_WARN_STRICT_PROTOTYPES = YES;
				CLANG_WARN_SUSPICIOUS_MOVE = YES;
				CLANG_WARN_UNGUARDED_AVAILABILITY = YES_AGGRESSIVE;
				CLANG_WARN_UNREACHABLE_CODE = YES;
				CLANG_WARN__DUPLICATE_METHOD_MATCH = YES;
				COPY_PHASE_STRIP = NO;
				DEBUG_INFORMATION_FORMAT = "dwarf-with-dsym";
				ENABLE_NS_ASSERTIONS = NO;
				ENABLE_STRICT_OBJC_MSGSEND = YES;
				ENABLE_USER_SCRIPT_SANDBOXING = YES;
				GCC_C_LANGUAGE_STANDARD = gnu17;
				GCC_NO_COMMON_BLOCKS = YES;
				GCC_WARN_64_TO_32_BIT_CONVERSION = YES;
				GCC_WARN_ABOUT_RETURN_TYPE = YES_ERROR;
				GCC_WARN_UNDECLARED_SELECTOR = YES;
				GCC_WARN_UNINITIALIZED_AUTOS = YES_AGGRESSIVE;
				GCC_WARN_UNUSED_FUNCTION = YES;
				GCC_WARN_UNUSED_VARIABLE = YES;
				IPHONEOS_DEPLOYMENT_TARGET = 15.0;
				LOCALIZATION_PREFERS_STRING_CATALOGS = YES;
				MTL_ENABLE_DEBUG_INFO = NO;
				MTL_FAST_MATH = YES;
				SDKROOT = iphoneos;
				SWIFT_COMPILATION_MODE = wholemodule;
				VALIDATE_PRODUCT = YES;
			};
			name = Release;
		};
		94A1C3DC2C3EB1A60018D02F /* Debug */ = {
			isa = XCBuildConfiguration;
			buildSettings = {
				ASSETCATALOG_COMPILER_APPICON_NAME = AppIcon;
				ASSETCATALOG_COMPILER_GLOBAL_ACCENT_COLOR_NAME = AccentColor;
				CODE_SIGN_STYLE = Automatic;
				CURRENT_PROJECT_VERSION = 1;
				DEVELOPMENT_ASSET_PATHS = "";
				ENABLE_PREVIEWS = YES;
				GENERATE_INFOPLIST_FILE = YES;
				INFOPLIST_KEY_UIApplicationSceneManifest_Generation = YES;
				INFOPLIST_KEY_UIApplicationSupportsIndirectInputEvents = YES;
				INFOPLIST_KEY_UILaunchScreen_Generation = YES;
				INFOPLIST_KEY_UISupportedInterfaceOrientations_iPad = "UIInterfaceOrientationPortrait UIInterfaceOrientationPortraitUpsideDown UIInterfaceOrientationLandscapeLeft UIInterfaceOrientationLandscapeRight";
				INFOPLIST_KEY_UISupportedInterfaceOrientations_iPhone = "UIInterfaceOrientationPortrait UIInterfaceOrientationLandscapeLeft UIInterfaceOrientationLandscapeRight";
				LD_RUNPATH_SEARCH_PATHS = (
					"$(inherited)",
					"@executable_path/Frameworks",
				);
				MARKETING_VERSION = 1.0;
				PRODUCT_BUNDLE_IDENTIFIER = com.mertalp.DigitalWallet;
				PRODUCT_NAME = "$(TARGET_NAME)";
				SWIFT_EMIT_LOC_STRINGS = YES;
				SWIFT_VERSION = 5.0;
				TARGETED_DEVICE_FAMILY = "1,2";
			};
			name = Debug;
		};
		94A1C3DD2C3EB1A60018D02F /* Release */ = {
			isa = XCBuildConfiguration;
			buildSettings = {
				ASSETCATALOG_COMPILER_APPICON_NAME = AppIcon;
				ASSETCATALOG_COMPILER_GLOBAL_ACCENT_COLOR_NAME = AccentColor;
				CODE_SIGN_STYLE = Automatic;
				CURRENT_PROJECT_VERSION = 1;
				DEVELOPMENT_ASSET_PATHS = "";
				ENABLE_PREVIEWS = YES;
				GENERATE_INFOPLIST_FILE = YES;
				INFOPLIST_KEY_UIApplicationSceneManifest_Generation = YES;
				INFOPLIST_KEY_UIApplicationSupportsIndirectInputEvents = YES;
				INFOPLIST_KEY_UILaunchScreen_Generation = YES;
				INFOPLIST_KEY_UISupportedInterfaceOrientations_iPad = "UIInterfaceOrientationPortrait UIInterfaceOrientationPortraitUpsideDown UIInterfaceOrientationLandscapeLeft UIInterfaceOrientationLandscapeRight";
				INFOPLIST_KEY_UISupportedInterfaceOrientations_iPhone = "UIInterfaceOrientationPortrait UIInterfaceOrientationLandscapeLeft UIInterfaceOrientationLandscapeRight";
				LD_RUNPATH_SEARCH_PATHS = (
					"$(inherited)",
					"@executable_path/Frameworks",
				);
				MARKETING_VERSION = 1.0;
				PRODUCT_BUNDLE_IDENTIFIER = com.mertalp.DigitalWallet;
				PRODUCT_NAME = "$(TARGET_NAME)";
				SWIFT_EMIT_LOC_STRINGS = YES;
				SWIFT_VERSION = 5.0;
				TARGETED_DEVICE_FAMILY = "1,2";
			};
			name = Release;
		};
		94A1C3DF2C3EB1A60018D02F /* Debug */ = {
			isa = XCBuildConfiguration;
			buildSettings = {
				ALWAYS_EMBED_SWIFT_STANDARD_LIBRARIES = YES;
				BUNDLE_LOADER = "$(TEST_HOST)";
				CODE_SIGN_STYLE = Automatic;
				CURRENT_PROJECT_VERSION = 1;
				GENERATE_INFOPLIST_FILE = YES;
				IPHONEOS_DEPLOYMENT_TARGET = 17.5;
				MARKETING_VERSION = 1.0;
				PRODUCT_BUNDLE_IDENTIFIER = com.mertalp.DigitalWalletTests;
				PRODUCT_NAME = "$(TARGET_NAME)";
				SWIFT_EMIT_LOC_STRINGS = NO;
				SWIFT_VERSION = 5.0;
				TARGETED_DEVICE_FAMILY = "1,2";
				TEST_HOST = "$(BUILT_PRODUCTS_DIR)/DigitalWallet.app/$(BUNDLE_EXECUTABLE_FOLDER_PATH)/DigitalWallet";
			};
			name = Debug;
		};
		94A1C3E02C3EB1A60018D02F /* Release */ = {
			isa = XCBuildConfiguration;
			buildSettings = {
				ALWAYS_EMBED_SWIFT_STANDARD_LIBRARIES = YES;
				BUNDLE_LOADER = "$(TEST_HOST)";
				CODE_SIGN_STYLE = Automatic;
				CURRENT_PROJECT_VERSION = 1;
				GENERATE_INFOPLIST_FILE = YES;
				IPHONEOS_DEPLOYMENT_TARGET = 17.5;
				MARKETING_VERSION = 1.0;
				PRODUCT_BUNDLE_IDENTIFIER = com.mertalp.DigitalWalletTests;
				PRODUCT_NAME = "$(TARGET_NAME)";
				SWIFT_EMIT_LOC_STRINGS = NO;
				SWIFT_VERSION = 5.0;
				TARGETED_DEVICE_FAMILY = "1,2";
				TEST_HOST = "$(BUILT_PRODUCTS_DIR)/DigitalWallet.app/$(BUNDLE_EXECUTABLE_FOLDER_PATH)/DigitalWallet";
			};
			name = Release;
		};
		94A1C3E22C3EB1A60018D02F /* Debug */ = {
			isa = XCBuildConfiguration;
			buildSettings = {
				ALWAYS_EMBED_SWIFT_STANDARD_LIBRARIES = YES;
				CODE_SIGN_STYLE = Automatic;
				CURRENT_PROJECT_VERSION = 1;
				GENERATE_INFOPLIST_FILE = YES;
				MARKETING_VERSION = 1.0;
				PRODUCT_BUNDLE_IDENTIFIER = com.mertalp.DigitalWalletUITests;
				PRODUCT_NAME = "$(TARGET_NAME)";
				SWIFT_EMIT_LOC_STRINGS = NO;
				SWIFT_VERSION = 5.0;
				TARGETED_DEVICE_FAMILY = "1,2";
				TEST_TARGET_NAME = DigitalWallet;
			};
			name = Debug;
		};
		94A1C3E32C3EB1A60018D02F /* Release */ = {
			isa = XCBuildConfiguration;
			buildSettings = {
				ALWAYS_EMBED_SWIFT_STANDARD_LIBRARIES = YES;
				CODE_SIGN_STYLE = Automatic;
				CURRENT_PROJECT_VERSION = 1;
				GENERATE_INFOPLIST_FILE = YES;
				MARKETING_VERSION = 1.0;
				PRODUCT_BUNDLE_IDENTIFIER = com.mertalp.DigitalWalletUITests;
				PRODUCT_NAME = "$(TARGET_NAME)";
				SWIFT_EMIT_LOC_STRINGS = NO;
				SWIFT_VERSION = 5.0;
				TARGETED_DEVICE_FAMILY = "1,2";
				TEST_TARGET_NAME = DigitalWallet;
			};
			name = Release;
		};
/* End XCBuildConfiguration section */

/* Begin XCConfigurationList section */
		94A1C3B22C3EB1A40018D02F /* Build configuration list for PBXProject "DigitalWallet" */ = {
			isa = XCConfigurationList;
			buildConfigurations = (
				94A1C3D92C3EB1A60018D02F /* Debug */,
				94A1C3DA2C3EB1A60018D02F /* Release */,
			);
			defaultConfigurationIsVisible = 0;
			defaultConfigurationName = Release;
		};
		94A1C3DB2C3EB1A60018D02F /* Build configuration list for PBXNativeTarget "DigitalWallet" */ = {
			isa = XCConfigurationList;
			buildConfigurations = (
				94A1C3DC2C3EB1A60018D02F /* Debug */,
				94A1C3DD2C3EB1A60018D02F /* Release */,
			);
			defaultConfigurationIsVisible = 0;
			defaultConfigurationName = Release;
		};
		94A1C3DE2C3EB1A60018D02F /* Build configuration list for PBXNativeTarget "DigitalWalletTests" */ = {
			isa = XCConfigurationList;
			buildConfigurations = (
				94A1C3DF2C3EB1A60018D02F /* Debug */,
				94A1C3E02C3EB1A60018D02F /* Release */,
			);
			defaultConfigurationIsVisible = 0;
			defaultConfigurationName = Release;
		};
		94A1C3E12C3EB1A60018D02F /* Build configuration list for PBXNativeTarget "DigitalWalletUITests" */ = {
			isa = XCConfigurationList;
			buildConfigurations = (
				94A1C3E22C3EB1A60018D02F /* Debug */,
				94A1C3E32C3EB1A60018D02F /* Release */,
			);
			defaultConfigurationIsVisible = 0;
			defaultConfigurationName = Release;
		};
/* End XCConfigurationList section */
	};
	rootObject = 94A1C3AF2C3EB1A40018D02F /* Project object */;
}
